
Microsoft Visual Studio Solution File, Format Version 12.00
# Visual Studio 14
VisualStudioVersion = 14.0.25420.1
MinimumVisualStudioVersion = 10.0.40219.1
Project("{FAE04EC0-301F-11D3-BF4B-00C04F79EFBC}") = "Formula", "Formula\Formula.csproj", "{8849FF21-6DA9-4BC1-9C9D-928D0B2A9931}"
EndProject
Project("{FAE04EC0-301F-11D3-BF4B-00C04F79EFBC}") = "FormularEvaluatorPS1", "FormularEvaluatorPS1\FormularEvaluatorPS1.csproj", "{C32F16C3-9AD6-410D-9B74-12900C74F07D}"
EndProject
Project("{FAE04EC0-301F-11D3-BF4B-00C04F79EFBC}") = "TestConsoleAppPS1", "TestConsoleAppPS1\TestConsoleAppPS1.csproj", "{1645009D-4551-40A2-9E3E-98250A6D4861}"
EndProject
Project("{FAE04EC0-301F-11D3-BF4B-00C04F79EFBC}") = "FormulaTester", "FormulaTester\FormulaTester.csproj", "{FE05FCE2-84CA-4CFA-BC7C-02A8D63F6FAA}"
EndProject
Global
	GlobalSection(SolutionConfigurationPlatforms) = preSolution
		Debug|Any CPU = Debug|Any CPU
		Release|Any CPU = Release|Any CPU
	EndGlobalSection
	GlobalSection(ProjectConfigurationPlatforms) = postSolution
		{8849FF21-6DA9-4BC1-9C9D-928D0B2A9931}.Debug|Any CPU.ActiveCfg = Debug|Any CPU
		{8849FF21-6DA9-4BC1-9C9D-928D0B2A9931}.Debug|Any CPU.Build.0 = Debug|Any CPU
		{8849FF21-6DA9-4BC1-9C9D-928D0B2A9931}.Release|Any CPU.ActiveCfg = Release|Any CPU
		{8849FF21-6DA9-4BC1-9C9D-928D0B2A9931}.Release|Any CPU.Build.0 = Release|Any CPU
		{C32F16C3-9AD6-410D-9B74-12900C74F07D}.Debug|Any CPU.ActiveCfg = Debug|Any CPU
		{C32F16C3-9AD6-410D-9B74-12900C74F07D}.Debug|Any CPU.Build.0 = Debug|Any CPU
		{C32F16C3-9AD6-410D-9B74-12900C74F07D}.Release|Any CPU.ActiveCfg = Release|Any CPU
		{C32F16C3-9AD6-410D-9B74-12900C74F07D}.Release|Any CPU.Build.0 = Release|Any CPU
		{1645009D-4551-40A2-9E3E-98250A6D4861}.Debug|Any CPU.ActiveCfg = Debug|Any CPU
		{1645009D-4551-40A2-9E3E-98250A6D4861}.Debug|Any CPU.Build.0 = Debug|Any CPU
		{1645009D-4551-40A2-9E3E-98250A6D4861}.Release|Any CPU.ActiveCfg = Release|Any CPU
		{1645009D-4551-40A2-9E3E-98250A6D4861}.Release|Any CPU.Build.0 = Release|Any CPU
		{FE05FCE2-84CA-4CFA-BC7C-02A8D63F6FAA}.Debug|Any CPU.ActiveCfg = Debug|Any CPU
		{FE05FCE2-84CA-4CFA-BC7C-02A8D63F6FAA}.Debug|Any CPU.Build.0 = Debug|Any CPU
		{FE05FCE2-84CA-4CFA-BC7C-02A8D63F6FAA}.Release|Any CPU.ActiveCfg = Release|Any CPU
		{FE05FCE2-84CA-4CFA-BC7C-02A8D63F6FAA}.Release|Any CPU.Build.0 = Release|Any CPU
	EndGlobalSection
	GlobalSection(SolutionProperties) = preSolution
		HideSolutionNode = FALSE
	EndGlobalSection
	GlobalSection(ExtensibilityGlobals) = postSolution
		SolutionGuid = {97C6EBCF-703E-40ED-A429-97AB224C21A4}
	EndGlobalSection
EndGlobal
